<?xml version="1.0" encoding="utf-8"?>
<Project ToolsVersion="4.0" xmlns="http://schemas.microsoft.com/developer/msbuild/2003">
  <ItemGroup>
    <Filter Include="源文件">
      <UniqueIdentifier>{4FC737F1-C7A5-4376-A066-2A32D752A2FF}</UniqueIdentifier>
      <Extensions>cpp;c;cc;cxx;c++;cppm;ixx;def;odl;idl;hpj;bat;asm;asmx</Extensions>
    </Filter>
    <Filter Include="头文件">
      <UniqueIdentifier>{93995380-89BD-4b04-88EB-625FBE52EBFB}</UniqueIdentifier>
      <Extensions>h;hh;hpp;hxx;h++;hm;inl;inc;ipp;xsd</Extensions>
    </Filter>
    <Filter Include="资源文件">
      <UniqueIdentifier>{67DA6AB6-F800-4c08-8B7A-83BB121AAD01}</UniqueIdentifier>
      <Extensions>rc;ico;cur;bmp;dlg;rc2;rct;bin;rgs;gif;jpg;jpeg;jpe;resx;tiff;tif;png;wav;mfcribbon-ms</Extensions>
    </Filter>
  </ItemGroup>
  <ItemGroup>
    <ClCompile Include="..\..\thirdpart\masscan\crypto-base64.c">
      <Filter>源文件</Filter>
    </ClCompile>
    <ClCompile Include="..\..\thirdpart\masscan\crypto-blackrock2.c">
      <Filter>源文件</Filter>
    </ClCompile>
    <ClCompile Include="..\..\thirdpart\masscan\event-timeout.c">
      <Filter>源文件</Filter>
    </ClCompile>
    <ClCompile Include="..\..\thirdpart\masscan\hostscan.c">
      <Filter>源文件</Filter>
    </ClCompile>
    <ClCompile Include="..\..\thirdpart\masscan\in-binary.c">
      <Filter>源文件</Filter>
    </ClCompile>
    <ClCompile Include="..\..\thirdpart\masscan\in-filter.c">
      <Filter>源文件</Filter>
    </ClCompile>
    <ClCompile Include="..\..\thirdpart\masscan\in-report.c">
      <Filter>源文件</Filter>
    </ClCompile>
    <ClCompile Include="..\..\thirdpart\masscan\logger.c">
      <Filter>源文件</Filter>
    </ClCompile>
    <ClCompile Include="..\..\thirdpart\masscan\main-conf.c">
      <Filter>源文件</Filter>
    </ClCompile>
    <ClCompile Include="..\..\thirdpart\masscan\main-dedup.c">
      <Filter>源文件</Filter>
    </ClCompile>
    <ClCompile Include="..\..\thirdpart\masscan\main-listscan.c">
      <Filter>源文件</Filter>
    </ClCompile>
    <ClCompile Include="..\..\thirdpart\masscan\main-ptrace.c">
      <Filter>源文件</Filter>
    </ClCompile>
    <ClCompile Include="..\..\thirdpart\masscan\main-readrange.c">
      <Filter>源文件</Filter>
    </ClCompile>
    <ClCompile Include="..\..\thirdpart\masscan\main-status.c">
      <Filter>源文件</Filter>
    </ClCompile>
    <ClCompile Include="..\..\thirdpart\masscan\main-throttle.c">
      <Filter>源文件</Filter>
    </ClCompile>
    <ClCompile Include="..\..\thirdpart\masscan\masscan-app.c">
      <Filter>源文件</Filter>
    </ClCompile>
    <ClCompile Include="..\..\thirdpart\masscan\massip.c">
      <Filter>源文件</Filter>
    </ClCompile>
    <ClCompile Include="..\..\thirdpart\masscan\massip-addr.c">
      <Filter>源文件</Filter>
    </ClCompile>
    <ClCompile Include="..\..\thirdpart\masscan\massip-parse.c">
      <Filter>源文件</Filter>
    </ClCompile>
    <ClCompile Include="..\..\thirdpart\masscan\massip-rangesv4.c">
      <Filter>源文件</Filter>
    </ClCompile>
    <ClCompile Include="..\..\thirdpart\masscan\massip-rangesv6.c">
      <Filter>源文件</Filter>
    </ClCompile>
    <ClCompile Include="..\..\thirdpart\masscan\misc-rstfilter.c">
      <Filter>源文件</Filter>
    </ClCompile>
    <ClCompile Include="..\..\thirdpart\masscan\out-binary.c">
      <Filter>源文件</Filter>
    </ClCompile>
    <ClCompile Include="..\..\thirdpart\masscan\out-certs.c">
      <Filter>源文件</Filter>
    </ClCompile>
    <ClCompile Include="..\..\thirdpart\masscan\out-grepable.c">
      <Filter>源文件</Filter>
    </ClCompile>
    <ClCompile Include="..\..\thirdpart\masscan\out-hostonly.c">
      <Filter>源文件</Filter>
    </ClCompile>
    <ClCompile Include="..\..\thirdpart\masscan\out-json.c">
      <Filter>源文件</Filter>
    </ClCompile>
    <ClCompile Include="..\..\thirdpart\masscan\out-ndjson.c">
      <Filter>源文件</Filter>
    </ClCompile>
    <ClCompile Include="..\..\thirdpart\masscan\out-null.c">
      <Filter>源文件</Filter>
    </ClCompile>
    <ClCompile Include="..\..\thirdpart\masscan\output.c">
      <Filter>源文件</Filter>
    </ClCompile>
    <ClCompile Include="..\..\thirdpart\masscan\out-redis.c">
      <Filter>源文件</Filter>
    </ClCompile>
    <ClCompile Include="..\..\thirdpart\masscan\out-tcp-services.c">
      <Filter>源文件</Filter>
    </ClCompile>
    <ClCompile Include="..\..\thirdpart\masscan\out-text.c">
      <Filter>源文件</Filter>
    </ClCompile>
    <ClCompile Include="..\..\thirdpart\masscan\out-unicornscan.c">
      <Filter>源文件</Filter>
    </ClCompile>
    <ClCompile Include="..\..\thirdpart\masscan\out-xml.c">
      <Filter>源文件</Filter>
    </ClCompile>
    <ClCompile Include="..\..\thirdpart\masscan\pixie-backtrace.c">
      <Filter>源文件</Filter>
    </ClCompile>
    <ClCompile Include="..\..\thirdpart\masscan\pixie-file.c">
      <Filter>源文件</Filter>
    </ClCompile>
    <ClCompile Include="..\..\thirdpart\masscan\pixie-threads.c">
      <Filter>源文件</Filter>
    </ClCompile>
    <ClCompile Include="..\..\thirdpart\masscan\pixie-timer.c">
      <Filter>源文件</Filter>
    </ClCompile>
    <ClCompile Include="..\..\thirdpart\masscan\proto-arp.c">
      <Filter>源文件</Filter>
    </ClCompile>
    <ClCompile Include="..\..\thirdpart\masscan\proto-banner1.c">
      <Filter>源文件</Filter>
    </ClCompile>
    <ClCompile Include="..\..\thirdpart\masscan\proto-banout.c">
      <Filter>源文件</Filter>
    </ClCompile>
    <ClCompile Include="..\..\thirdpart\masscan\proto-coap.c">
      <Filter>源文件</Filter>
    </ClCompile>
    <ClCompile Include="..\..\thirdpart\masscan\proto-dns.c">
      <Filter>源文件</Filter>
    </ClCompile>
    <ClCompile Include="..\..\thirdpart\masscan\proto-ftp.c">
      <Filter>源文件</Filter>
    </ClCompile>
    <ClCompile Include="..\..\thirdpart\masscan\proto-http.c">
      <Filter>源文件</Filter>
    </ClCompile>
    <ClCompile Include="..\..\thirdpart\masscan\proto-icmp.c">
      <Filter>源文件</Filter>
    </ClCompile>
    <ClCompile Include="..\..\thirdpart\masscan\proto-imap4.c">
      <Filter>源文件</Filter>
    </ClCompile>
    <ClCompile Include="..\..\thirdpart\masscan\proto-interactive.c">
      <Filter>源文件</Filter>
    </ClCompile>
    <ClCompile Include="..\..\thirdpart\masscan\proto-memcached.c">
      <Filter>源文件</Filter>
    </ClCompile>
    <ClCompile Include="..\..\thirdpart\masscan\proto-netbios.c">
      <Filter>源文件</Filter>
    </ClCompile>
    <ClCompile Include="..\..\thirdpart\masscan\proto-ntlmssp.c">
      <Filter>源文件</Filter>
    </ClCompile>
    <ClCompile Include="..\..\thirdpart\masscan\proto-ntp.c">
      <Filter>源文件</Filter>
    </ClCompile>
    <ClCompile Include="..\..\thirdpart\masscan\proto-oproto.c">
      <Filter>源文件</Filter>
    </ClCompile>
    <ClCompile Include="..\..\thirdpart\masscan\proto-pop3.c">
      <Filter>源文件</Filter>
    </ClCompile>
    <ClCompile Include="..\..\thirdpart\masscan\proto-preprocess.c">
      <Filter>源文件</Filter>
    </ClCompile>
    <ClCompile Include="..\..\thirdpart\masscan\proto-sctp.c">
      <Filter>源文件</Filter>
    </ClCompile>
    <ClCompile Include="..\..\thirdpart\masscan\proto-smb.c">
      <Filter>源文件</Filter>
    </ClCompile>
    <ClCompile Include="..\..\thirdpart\masscan\proto-smtp.c">
      <Filter>源文件</Filter>
    </ClCompile>
    <ClCompile Include="..\..\thirdpart\masscan\proto-snmp.c">
      <Filter>源文件</Filter>
    </ClCompile>
    <ClCompile Include="..\..\thirdpart\masscan\proto-ssh.c">
      <Filter>源文件</Filter>
    </ClCompile>
    <ClCompile Include="..\..\thirdpart\masscan\proto-ssl.c">
      <Filter>源文件</Filter>
    </ClCompile>
    <ClCompile Include="..\..\thirdpart\masscan\proto-ssl-test.c">
      <Filter>源文件</Filter>
    </ClCompile>
    <ClCompile Include="..\..\thirdpart\masscan\proto-tcp.c">
      <Filter>源文件</Filter>
    </ClCompile>
    <ClCompile Include="..\..\thirdpart\masscan\proto-tcp-rdp.c">
      <Filter>源文件</Filter>
    </ClCompile>
    <ClCompile Include="..\..\thirdpart\masscan\proto-tcp-telnet.c">
      <Filter>源文件</Filter>
    </ClCompile>
    <ClCompile Include="..\..\thirdpart\masscan\proto-udp.c">
      <Filter>源文件</Filter>
    </ClCompile>
    <ClCompile Include="..\..\thirdpart\masscan\proto-vnc.c">
      <Filter>源文件</Filter>
    </ClCompile>
    <ClCompile Include="..\..\thirdpart\masscan\proto-x509.c">
      <Filter>源文件</Filter>
    </ClCompile>
    <ClCompile Include="..\..\thirdpart\masscan\proto-zeroaccess.c">
      <Filter>源文件</Filter>
    </ClCompile>
    <ClCompile Include="..\..\thirdpart\masscan\rand-blackrock.c">
      <Filter>源文件</Filter>
    </ClCompile>
    <ClCompile Include="..\..\thirdpart\masscan\rand-lcg.c">
      <Filter>源文件</Filter>
    </ClCompile>
    <ClCompile Include="..\..\thirdpart\masscan\rand-primegen.c">
      <Filter>源文件</Filter>
    </ClCompile>
    <ClCompile Include="..\..\thirdpart\masscan\rawsock.c">
      <Filter>源文件</Filter>
    </ClCompile>
    <ClCompile Include="..\..\thirdpart\masscan\rawsock-getif.c">
      <Filter>源文件</Filter>
    </ClCompile>
    <ClCompile Include="..\..\thirdpart\masscan\rawsock-getip.c">
      <Filter>源文件</Filter>
    </ClCompile>
    <ClCompile Include="..\..\thirdpart\masscan\rawsock-getip6.c">
      <Filter>源文件</Filter>
    </ClCompile>
    <ClCompile Include="..\..\thirdpart\masscan\rawsock-getmac.c">
      <Filter>源文件</Filter>
    </ClCompile>
    <ClCompile Include="..\..\thirdpart\masscan\rawsock-getroute.c">
      <Filter>源文件</Filter>
    </ClCompile>
    <ClCompile Include="..\..\thirdpart\masscan\rawsock-pcapfile.c">
      <Filter>源文件</Filter>
    </ClCompile>
    <ClCompile Include="..\..\thirdpart\masscan\read-service-probes.c">
      <Filter>源文件</Filter>
    </ClCompile>
    <ClCompile Include="..\..\thirdpart\masscan\rte-ring.c">
      <Filter>源文件</Filter>
    </ClCompile>
    <ClCompile Include="..\..\thirdpart\masscan\scripting.c">
      <Filter>源文件</Filter>
    </ClCompile>
    <ClCompile Include="..\..\thirdpart\masscan\scripting-banner.c">
      <Filter>源文件</Filter>
    </ClCompile>
    <ClCompile Include="..\..\thirdpart\masscan\scripting-masscan.c">
      <Filter>源文件</Filter>
    </ClCompile>
    <ClCompile Include="..\..\thirdpart\masscan\siphash24.c">
      <Filter>源文件</Filter>
    </ClCompile>
    <ClCompile Include="..\..\thirdpart\masscan\smack1.c">
      <Filter>源文件</Filter>
    </ClCompile>
    <ClCompile Include="..\..\thirdpart\masscan\smackqueue.c">
      <Filter>源文件</Filter>
    </ClCompile>
    <ClCompile Include="..\..\thirdpart\masscan\stack-arpv4.c">
      <Filter>源文件</Filter>
    </ClCompile>
    <ClCompile Include="..\..\thirdpart\masscan\stack-if.c">
      <Filter>源文件</Filter>
    </ClCompile>
    <ClCompile Include="..\..\thirdpart\masscan\stack-ndpv6.c">
      <Filter>源文件</Filter>
    </ClCompile>
    <ClCompile Include="..\..\thirdpart\masscan\stack-queue.c">
      <Filter>源文件</Filter>
    </ClCompile>
    <ClCompile Include="..\..\thirdpart\masscan\stack-src.c">
      <Filter>源文件</Filter>
    </ClCompile>
    <ClCompile Include="..\..\thirdpart\masscan\string_s.c">
      <Filter>源文件</Filter>
    </ClCompile>
    <ClCompile Include="..\..\thirdpart\masscan\stub-lua.c">
      <Filter>源文件</Filter>
    </ClCompile>
    <ClCompile Include="..\..\thirdpart\masscan\stub-pcap.c">
      <Filter>源文件</Filter>
    </ClCompile>
    <ClCompile Include="..\..\thirdpart\masscan\stub-pfring.c">
      <Filter>源文件</Filter>
    </ClCompile>
    <ClCompile Include="..\..\thirdpart\masscan\syn-cookie.c">
      <Filter>源文件</Filter>
    </ClCompile>
    <ClCompile Include="..\..\thirdpart\masscan\templ-payloads.c">
      <Filter>源文件</Filter>
    </ClCompile>
    <ClCompile Include="..\..\thirdpart\masscan\templ-pkt.c">
      <Filter>源文件</Filter>
    </ClCompile>
    <ClCompile Include="..\..\thirdpart\masscan\util-checksum.c">
      <Filter>源文件</Filter>
    </ClCompile>
    <ClCompile Include="..\..\thirdpart\masscan\util-malloc.c">
      <Filter>源文件</Filter>
    </ClCompile>
    <ClCompile Include="..\..\thirdpart\masscan\versioning.c">
      <Filter>源文件</Filter>
    </ClCompile>
    <ClCompile Include="..\..\thirdpart\masscan\vulncheck.c">
      <Filter>源文件</Filter>
    </ClCompile>
    <ClCompile Include="..\..\thirdpart\masscan\vulncheck-heartbleed.c">
      <Filter>源文件</Filter>
    </ClCompile>
    <ClCompile Include="..\..\thirdpart\masscan\vulncheck-ntp-monlist.c">
      <Filter>源文件</Filter>
    </ClCompile>
    <ClCompile Include="..\..\thirdpart\masscan\vulncheck-sslv3.c">
      <Filter>源文件</Filter>
    </ClCompile>
    <ClCompile Include="..\..\thirdpart\masscan\xring.c">
      <Filter>源文件</Filter>
    </ClCompile>
  </ItemGroup>
  <ItemGroup>
    <ClInclude Include="..\..\thirdpart\masscan\crypto-base64.h">
      <Filter>头文件</Filter>
    </ClInclude>
    <ClInclude Include="..\..\thirdpart\masscan\event-timeout.h">
      <Filter>头文件</Filter>
    </ClInclude>
    <ClInclude Include="..\..\thirdpart\masscan\hostscan.h">
      <Filter>头文件</Filter>
    </ClInclude>
    <ClInclude Include="..\..\thirdpart\masscan\in-binary.h">
      <Filter>头文件</Filter>
    </ClInclude>
    <ClInclude Include="..\..\thirdpart\masscan\in-filter.h">
      <Filter>头文件</Filter>
    </ClInclude>
    <ClInclude Include="..\..\thirdpart\masscan\in-report.h">
      <Filter>头文件</Filter>
    </ClInclude>
    <ClInclude Include="..\..\thirdpart\masscan\logger.h">
      <Filter>头文件</Filter>
    </ClInclude>
    <ClInclude Include="..\..\thirdpart\masscan\main-dedup.h">
      <Filter>头文件</Filter>
    </ClInclude>
    <ClInclude Include="..\..\thirdpart\masscan\main-globals.h">
      <Filter>头文件</Filter>
    </ClInclude>
    <ClInclude Include="..\..\thirdpart\masscan\main-ptrace.h">
      <Filter>头文件</Filter>
    </ClInclude>
    <ClInclude Include="..\..\thirdpart\masscan\main-readrange.h">
      <Filter>头文件</Filter>
    </ClInclude>
    <ClInclude Include="..\..\thirdpart\masscan\main-status.h">
      <Filter>头文件</Filter>
    </ClInclude>
    <ClInclude Include="..\..\thirdpart\masscan\main-throttle.h">
      <Filter>头文件</Filter>
    </ClInclude>
    <ClInclude Include="..\..\thirdpart\masscan\masscan.h">
      <Filter>头文件</Filter>
    </ClInclude>
    <ClInclude Include="..\..\thirdpart\masscan\masscan-app.h">
      <Filter>头文件</Filter>
    </ClInclude>
    <ClInclude Include="..\..\thirdpart\masscan\masscan-status.h">
      <Filter>头文件</Filter>
    </ClInclude>
    <ClInclude Include="..\..\thirdpart\masscan\masscan-version.h">
      <Filter>头文件</Filter>
    </ClInclude>
    <ClInclude Include="..\..\thirdpart\masscan\massip.h">
      <Filter>头文件</Filter>
    </ClInclude>
    <ClInclude Include="..\..\thirdpart\masscan\massip-addr.h">
      <Filter>头文件</Filter>
    </ClInclude>
    <ClInclude Include="..\..\thirdpart\masscan\massip-parse.h">
      <Filter>头文件</Filter>
    </ClInclude>
    <ClInclude Include="..\..\thirdpart\masscan\massip-port.h">
      <Filter>头文件</Filter>
    </ClInclude>
    <ClInclude Include="..\..\thirdpart\masscan\massip-rangesv4.h">
      <Filter>头文件</Filter>
    </ClInclude>
    <ClInclude Include="..\..\thirdpart\masscan\massip-rangesv6.h">
      <Filter>头文件</Filter>
    </ClInclude>
    <ClInclude Include="..\..\thirdpart\masscan\misc-rstfilter.h">
      <Filter>头文件</Filter>
    </ClInclude>
    <ClInclude Include="..\..\thirdpart\masscan\output.h">
      <Filter>头文件</Filter>
    </ClInclude>
    <ClInclude Include="..\..\thirdpart\masscan\out-record.h">
      <Filter>头文件</Filter>
    </ClInclude>
    <ClInclude Include="..\..\thirdpart\masscan\out-tcp-services.h">
      <Filter>头文件</Filter>
    </ClInclude>
    <ClInclude Include="..\..\thirdpart\masscan\pixie-backtrace.h">
      <Filter>头文件</Filter>
    </ClInclude>
    <ClInclude Include="..\..\thirdpart\masscan\pixie-file.h">
      <Filter>头文件</Filter>
    </ClInclude>
    <ClInclude Include="..\..\thirdpart\masscan\pixie-sockets.h">
      <Filter>头文件</Filter>
    </ClInclude>
    <ClInclude Include="..\..\thirdpart\masscan\pixie-threads.h">
      <Filter>头文件</Filter>
    </ClInclude>
    <ClInclude Include="..\..\thirdpart\masscan\pixie-timer.h">
      <Filter>头文件</Filter>
    </ClInclude>
    <ClInclude Include="..\..\thirdpart\masscan\proto-arp.h">
      <Filter>头文件</Filter>
    </ClInclude>
    <ClInclude Include="..\..\thirdpart\masscan\proto-banner1.h">
      <Filter>头文件</Filter>
    </ClInclude>
    <ClInclude Include="..\..\thirdpart\masscan\proto-banout.h">
      <Filter>头文件</Filter>
    </ClInclude>
    <ClInclude Include="..\..\thirdpart\masscan\proto-coap.h">
      <Filter>头文件</Filter>
    </ClInclude>
    <ClInclude Include="..\..\thirdpart\masscan\proto-dns.h">
      <Filter>头文件</Filter>
    </ClInclude>
    <ClInclude Include="..\..\thirdpart\masscan\proto-dns-parse.h">
      <Filter>头文件</Filter>
    </ClInclude>
    <ClInclude Include="..\..\thirdpart\masscan\proto-ftp.h">
      <Filter>头文件</Filter>
    </ClInclude>
    <ClInclude Include="..\..\thirdpart\masscan\proto-http.h">
      <Filter>头文件</Filter>
    </ClInclude>
    <ClInclude Include="..\..\thirdpart\masscan\proto-icmp.h">
      <Filter>头文件</Filter>
    </ClInclude>
    <ClInclude Include="..\..\thirdpart\masscan\proto-imap4.h">
      <Filter>头文件</Filter>
    </ClInclude>
    <ClInclude Include="..\..\thirdpart\masscan\proto-interactive.h">
      <Filter>头文件</Filter>
    </ClInclude>
    <ClInclude Include="..\..\thirdpart\masscan\proto-memcached.h">
      <Filter>头文件</Filter>
    </ClInclude>
    <ClInclude Include="..\..\thirdpart\masscan\proto-netbios.h">
      <Filter>头文件</Filter>
    </ClInclude>
    <ClInclude Include="..\..\thirdpart\masscan\proto-ntlmssp.h">
      <Filter>头文件</Filter>
    </ClInclude>
    <ClInclude Include="..\..\thirdpart\masscan\proto-ntp.h">
      <Filter>头文件</Filter>
    </ClInclude>
    <ClInclude Include="..\..\thirdpart\masscan\proto-oproto.h">
      <Filter>头文件</Filter>
    </ClInclude>
    <ClInclude Include="..\..\thirdpart\masscan\proto-pop3.h">
      <Filter>头文件</Filter>
    </ClInclude>
    <ClInclude Include="..\..\thirdpart\masscan\proto-preprocess.h">
      <Filter>头文件</Filter>
    </ClInclude>
    <ClInclude Include="..\..\thirdpart\masscan\proto-sctp.h">
      <Filter>头文件</Filter>
    </ClInclude>
    <ClInclude Include="..\..\thirdpart\masscan\proto-smb.h">
      <Filter>头文件</Filter>
    </ClInclude>
    <ClInclude Include="..\..\thirdpart\masscan\proto-smtp.h">
      <Filter>头文件</Filter>
    </ClInclude>
    <ClInclude Include="..\..\thirdpart\masscan\proto-snmp.h">
      <Filter>头文件</Filter>
    </ClInclude>
    <ClInclude Include="..\..\thirdpart\masscan\proto-spnego.h">
      <Filter>头文件</Filter>
    </ClInclude>
    <ClInclude Include="..\..\thirdpart\masscan\proto-ssh.h">
      <Filter>头文件</Filter>
    </ClInclude>
    <ClInclude Include="..\..\thirdpart\masscan\proto-ssl.h">
      <Filter>头文件</Filter>
    </ClInclude>
    <ClInclude Include="..\..\thirdpart\masscan\proto-tcp.h">
      <Filter>头文件</Filter>
    </ClInclude>
    <ClInclude Include="..\..\thirdpart\masscan\proto-tcp-rdp.h">
      <Filter>头文件</Filter>
    </ClInclude>
    <ClInclude Include="..\..\thirdpart\masscan\proto-tcp-telnet.h">
      <Filter>头文件</Filter>
    </ClInclude>
    <ClInclude Include="..\..\thirdpart\masscan\proto-udp.h">
      <Filter>头文件</Filter>
    </ClInclude>
    <ClInclude Include="..\..\thirdpart\masscan\proto-vnc.h">
      <Filter>头文件</Filter>
    </ClInclude>
    <ClInclude Include="..\..\thirdpart\masscan\proto-x509.h">
      <Filter>头文件</Filter>
    </ClInclude>
    <ClInclude Include="..\..\thirdpart\masscan\proto-zeroaccess.h">
      <Filter>头文件</Filter>
    </ClInclude>
    <ClInclude Include="..\..\thirdpart\masscan\rand-blackrock.h">
      <Filter>头文件</Filter>
    </ClInclude>
    <ClInclude Include="..\..\thirdpart\masscan\rand-lcg.h">
      <Filter>头文件</Filter>
    </ClInclude>
    <ClInclude Include="..\..\thirdpart\masscan\rand-primegen.h">
      <Filter>头文件</Filter>
    </ClInclude>
    <ClInclude Include="..\..\thirdpart\masscan\rawsock.h">
      <Filter>头文件</Filter>
    </ClInclude>
    <ClInclude Include="..\..\thirdpart\masscan\rawsock-adapter.h">
      <Filter>头文件</Filter>
    </ClInclude>
    <ClInclude Include="..\..\thirdpart\masscan\rawsock-pcapfile.h">
      <Filter>头文件</Filter>
    </ClInclude>
    <ClInclude Include="..\..\thirdpart\masscan\read-service-probes.h">
      <Filter>头文件</Filter>
    </ClInclude>
    <ClInclude Include="..\..\thirdpart\masscan\rte-ring.h">
      <Filter>头文件</Filter>
    </ClInclude>
    <ClInclude Include="..\..\thirdpart\masscan\scripting.h">
      <Filter>头文件</Filter>
    </ClInclude>
    <ClInclude Include="..\..\thirdpart\masscan\siphash24.h">
      <Filter>头文件</Filter>
    </ClInclude>
    <ClInclude Include="..\..\thirdpart\masscan\smack.h">
      <Filter>头文件</Filter>
    </ClInclude>
    <ClInclude Include="..\..\thirdpart\masscan\smackqueue.h">
      <Filter>头文件</Filter>
    </ClInclude>
    <ClInclude Include="..\..\thirdpart\masscan\stack-arpv4.h">
      <Filter>头文件</Filter>
    </ClInclude>
    <ClInclude Include="..\..\thirdpart\masscan\stack-ndpv6.h">
      <Filter>头文件</Filter>
    </ClInclude>
    <ClInclude Include="..\..\thirdpart\masscan\stack-queue.h">
      <Filter>头文件</Filter>
    </ClInclude>
    <ClInclude Include="..\..\thirdpart\masscan\stack-src.h">
      <Filter>头文件</Filter>
    </ClInclude>
    <ClInclude Include="..\..\thirdpart\masscan\string_s.h">
      <Filter>头文件</Filter>
    </ClInclude>
    <ClInclude Include="..\..\thirdpart\masscan\stub-lua.h">
      <Filter>头文件</Filter>
    </ClInclude>
    <ClInclude Include="..\..\thirdpart\masscan\stub-pcap.h">
      <Filter>头文件</Filter>
    </ClInclude>
    <ClInclude Include="..\..\thirdpart\masscan\stub-pcap-dlt.h">
      <Filter>头文件</Filter>
    </ClInclude>
    <ClInclude Include="..\..\thirdpart\masscan\stub-pfring.h">
      <Filter>头文件</Filter>
    </ClInclude>
    <ClInclude Include="..\..\thirdpart\masscan\syn-cookie.h">
      <Filter>头文件</Filter>
    </ClInclude>
    <ClInclude Include="..\..\thirdpart\masscan\templ-payloads.h">
      <Filter>头文件</Filter>
    </ClInclude>
    <ClInclude Include="..\..\thirdpart\masscan\templ-pkt.h">
      <Filter>头文件</Filter>
    </ClInclude>
    <ClInclude Include="..\..\thirdpart\masscan\unusedparm.h">
      <Filter>头文件</Filter>
    </ClInclude>
    <ClInclude Include="..\..\thirdpart\masscan\util-bool.h">
      <Filter>头文件</Filter>
    </ClInclude>
    <ClInclude Include="..\..\thirdpart\masscan\util-checksum.h">
      <Filter>头文件</Filter>
    </ClInclude>
    <ClInclude Include="..\..\thirdpart\masscan\util-malloc.h">
      <Filter>头文件</Filter>
    </ClInclude>
    <ClInclude Include="..\..\thirdpart\masscan\versioning.h">
      <Filter>头文件</Filter>
    </ClInclude>
    <ClInclude Include="..\..\thirdpart\masscan\vulncheck.h">
      <Filter>头文件</Filter>
    </ClInclude>
    <ClInclude Include="..\..\thirdpart\masscan\xring.h">
      <Filter>头文件</Filter>
    </ClInclude>
  </ItemGroup>
</Project>